
Microsoft Visual Studio Solution File, Format Version 12.00
# Visual Studio Version 17
VisualStudioVersion = 17.5.2.0
MinimumVisualStudioVersion = 10.0.40219.1
Project("{2150E333-8FDC-42A3-9474-1A3956D46DE8}") = "C#", "C#", "{1DBD47E2-544B-F58A-27AE-70AE938492FA}"
EndProject
Project("{FAE04EC0-301F-11D3-BF4B-00C04F79EFBC}") = "VecEx002", "C#\VecEx002\VecEx002.csproj", "{28614768-55DC-F349-1A2A-5D4385B7EE44}"
EndProject
Project("{FAE04EC0-301F-11D3-BF4B-00C04F79EFBC}") = "VecEx003", "C#\VecEx003\VecEx003.csproj", "{594D714F-F3E6-32E6-1E92-57280038FE27}"
EndProject
Project("{2150E333-8FDC-42A3-9474-1A3956D46DE8}") = "VecEven", "VecEven", "{3D21A943-E942-BC74-A851-AB0EC41F2817}"
EndProject
Project("{FAE04EC0-301F-11D3-BF4B-00C04F79EFBC}") = "VecEven", "C#\VecEven\VecEven\VecEven.csproj", "{76AF45C9-0AC9-B8A1-0157-E96799E43433}"
EndProject
Project("{2150E333-8FDC-42A3-9474-1A3956D46DE8}") = "VecEx001", "VecEx001", "{CFEB4E11-7859-A8F5-4129-5F1B47E21C80}"
EndProject
Project("{FAE04EC0-301F-11D3-BF4B-00C04F79EFBC}") = "VecEx001", "C#\VecEx001\VecEx001\VecEx001.csproj", "{37CB87CB-F609-A968-7884-1382AA6E4575}"
EndProject
Project("{FAE04EC0-301F-11D3-BF4B-00C04F79EFBC}") = "Inheritance", "C#\Inheritance\Inheritance.csproj", "{21DD14C0-8584-41B8-A309-E4C950C1CA2D}"
EndProject
Global
	GlobalSection(SolutionConfigurationPlatforms) = preSolution
		Debug|Any CPU = Debug|Any CPU
		Debug|x64 = Debug|x64
		Debug|x86 = Debug|x86
		Release|Any CPU = Release|Any CPU
		Release|x64 = Release|x64
		Release|x86 = Release|x86
	EndGlobalSection
	GlobalSection(ProjectConfigurationPlatforms) = postSolution
		{28614768-55DC-F349-1A2A-5D4385B7EE44}.Debug|Any CPU.ActiveCfg = Debug|Any CPU
		{28614768-55DC-F349-1A2A-5D4385B7EE44}.Debug|Any CPU.Build.0 = Debug|Any CPU
		{28614768-55DC-F349-1A2A-5D4385B7EE44}.Debug|x64.ActiveCfg = Debug|Any CPU
		{28614768-55DC-F349-1A2A-5D4385B7EE44}.Debug|x64.Build.0 = Debug|Any CPU
		{28614768-55DC-F349-1A2A-5D4385B7EE44}.Debug|x86.ActiveCfg = Debug|Any CPU
		{28614768-55DC-F349-1A2A-5D4385B7EE44}.Debug|x86.Build.0 = Debug|Any CPU
		{28614768-55DC-F349-1A2A-5D4385B7EE44}.Release|Any CPU.ActiveCfg = Release|Any CPU
		{28614768-55DC-F349-1A2A-5D4385B7EE44}.Release|Any CPU.Build.0 = Release|Any CPU
		{28614768-55DC-F349-1A2A-5D4385B7EE44}.Release|x64.ActiveCfg = Release|Any CPU
		{28614768-55DC-F349-1A2A-5D4385B7EE44}.Release|x64.Build.0 = Release|Any CPU
		{28614768-55DC-F349-1A2A-5D4385B7EE44}.Release|x86.ActiveCfg = Release|Any CPU
		{28614768-55DC-F349-1A2A-5D4385B7EE44}.Release|x86.Build.0 = Release|Any CPU
		{594D714F-F3E6-32E6-1E92-57280038FE27}.Debug|Any CPU.ActiveCfg = Debug|Any CPU
		{594D714F-F3E6-32E6-1E92-57280038FE27}.Debug|Any CPU.Build.0 = Debug|Any CPU
		{594D714F-F3E6-32E6-1E92-57280038FE27}.Debug|x64.ActiveCfg = Debug|Any CPU
		{594D714F-F3E6-32E6-1E92-57280038FE27}.Debug|x64.Build.0 = Debug|Any CPU
		{594D714F-F3E6-32E6-1E92-57280038FE27}.Debug|x86.ActiveCfg = Debug|Any CPU
		{594D714F-F3E6-32E6-1E92-57280038FE27}.Debug|x86.Build.0 = Debug|Any CPU
		{594D714F-F3E6-32E6-1E92-57280038FE27}.Release|Any CPU.ActiveCfg = Release|Any CPU
		{594D714F-F3E6-32E6-1E92-57280038FE27}.Release|Any CPU.Build.0 = Release|Any CPU
		{594D714F-F3E6-32E6-1E92-57280038FE27}.Release|x64.ActiveCfg = Release|Any CPU
		{594D714F-F3E6-32E6-1E92-57280038FE27}.Release|x64.Build.0 = Release|Any CPU
		{594D714F-F3E6-32E6-1E92-57280038FE27}.Release|x86.ActiveCfg = Release|Any CPU
		{594D714F-F3E6-32E6-1E92-57280038FE27}.Release|x86.Build.0 = Release|Any CPU
		{76AF45C9-0AC9-B8A1-0157-E96799E43433}.Debug|Any CPU.ActiveCfg = Debug|Any CPU
		{76AF45C9-0AC9-B8A1-0157-E96799E43433}.Debug|Any CPU.Build.0 = Debug|Any CPU
		{76AF45C9-0AC9-B8A1-0157-E96799E43433}.Debug|x64.ActiveCfg = Debug|Any CPU
		{76AF45C9-0AC9-B8A1-0157-E96799E43433}.Debug|x64.Build.0 = Debug|Any CPU
		{76AF45C9-0AC9-B8A1-0157-E96799E43433}.Debug|x86.ActiveCfg = Debug|Any CPU
		{76AF45C9-0AC9-B8A1-0157-E96799E43433}.Debug|x86.Build.0 = Debug|Any CPU
		{76AF45C9-0AC9-B8A1-0157-E96799E43433}.Release|Any CPU.ActiveCfg = Release|Any CPU
		{76AF45C9-0AC9-B8A1-0157-E96799E43433}.Release|Any CPU.Build.0 = Release|Any CPU
		{76AF45C9-0AC9-B8A1-0157-E96799E43433}.Release|x64.ActiveCfg = Release|Any CPU
		{76AF45C9-0AC9-B8A1-0157-E96799E43433}.Release|x64.Build.0 = Release|Any CPU
		{76AF45C9-0AC9-B8A1-0157-E96799E43433}.Release|x86.ActiveCfg = Release|Any CPU
		{76AF45C9-0AC9-B8A1-0157-E96799E43433}.Release|x86.Build.0 = Release|Any CPU
		{37CB87CB-F609-A968-7884-1382AA6E4575}.Debug|Any CPU.ActiveCfg = Debug|Any CPU
		{37CB87CB-F609-A968-7884-1382AA6E4575}.Debug|Any CPU.Build.0 = Debug|Any CPU
		{37CB87CB-F609-A968-7884-1382AA6E4575}.Debug|x64.ActiveCfg = Debug|Any CPU
		{37CB87CB-F609-A968-7884-1382AA6E4575}.Debug|x64.Build.0 = Debug|Any CPU
		{37CB87CB-F609-A968-7884-1382AA6E4575}.Debug|x86.ActiveCfg = Debug|Any CPU
		{37CB87CB-F609-A968-7884-1382AA6E4575}.Debug|x86.Build.0 = Debug|Any CPU
		{37CB87CB-F609-A968-7884-1382AA6E4575}.Release|Any CPU.ActiveCfg = Release|Any CPU
		{37CB87CB-F609-A968-7884-1382AA6E4575}.Release|Any CPU.Build.0 = Release|Any CPU
		{37CB87CB-F609-A968-7884-1382AA6E4575}.Release|x64.ActiveCfg = Release|Any CPU
		{37CB87CB-F609-A968-7884-1382AA6E4575}.Release|x64.Build.0 = Release|Any CPU
		{37CB87CB-F609-A968-7884-1382AA6E4575}.Release|x86.ActiveCfg = Release|Any CPU
		{37CB87CB-F609-A968-7884-1382AA6E4575}.Release|x86.Build.0 = Release|Any CPU
		{21DD14C0-8584-41B8-A309-E4C950C1CA2D}.Debug|Any CPU.ActiveCfg = Debug|Any CPU
		{21DD14C0-8584-41B8-A309-E4C950C1CA2D}.Debug|Any CPU.Build.0 = Debug|Any CPU
		{21DD14C0-8584-41B8-A309-E4C950C1CA2D}.Debug|x64.ActiveCfg = Debug|Any CPU
		{21DD14C0-8584-41B8-A309-E4C950C1CA2D}.Debug|x64.Build.0 = Debug|Any CPU
		{21DD14C0-8584-41B8-A309-E4C950C1CA2D}.Debug|x86.ActiveCfg = Debug|Any CPU
		{21DD14C0-8584-41B8-A309-E4C950C1CA2D}.Debug|x86.Build.0 = Debug|Any CPU
		{21DD14C0-8584-41B8-A309-E4C950C1CA2D}.Release|Any CPU.ActiveCfg = Release|Any CPU
		{21DD14C0-8584-41B8-A309-E4C950C1CA2D}.Release|Any CPU.Build.0 = Release|Any CPU
		{21DD14C0-8584-41B8-A309-E4C950C1CA2D}.Release|x64.ActiveCfg = Release|Any CPU
		{21DD14C0-8584-41B8-A309-E4C950C1CA2D}.Release|x64.Build.0 = Release|Any CPU
		{21DD14C0-8584-41B8-A309-E4C950C1CA2D}.Release|x86.ActiveCfg = Release|Any CPU
		{21DD14C0-8584-41B8-A309-E4C950C1CA2D}.Release|x86.Build.0 = Release|Any CPU
	EndGlobalSection
	GlobalSection(SolutionProperties) = preSolution
		HideSolutionNode = FALSE
	EndGlobalSection
	GlobalSection(NestedProjects) = preSolution
		{28614768-55DC-F349-1A2A-5D4385B7EE44} = {1DBD47E2-544B-F58A-27AE-70AE938492FA}
		{594D714F-F3E6-32E6-1E92-57280038FE27} = {1DBD47E2-544B-F58A-27AE-70AE938492FA}
		{3D21A943-E942-BC74-A851-AB0EC41F2817} = {1DBD47E2-544B-F58A-27AE-70AE938492FA}
		{76AF45C9-0AC9-B8A1-0157-E96799E43433} = {3D21A943-E942-BC74-A851-AB0EC41F2817}
		{CFEB4E11-7859-A8F5-4129-5F1B47E21C80} = {1DBD47E2-544B-F58A-27AE-70AE938492FA}
		{37CB87CB-F609-A968-7884-1382AA6E4575} = {CFEB4E11-7859-A8F5-4129-5F1B47E21C80}
		{21DD14C0-8584-41B8-A309-E4C950C1CA2D} = {1DBD47E2-544B-F58A-27AE-70AE938492FA}
	EndGlobalSection
	GlobalSection(ExtensibilityGlobals) = postSolution
		SolutionGuid = {7030A73B-4407-4D06-8136-4712E14E48E5}
	EndGlobalSection
EndGlobal
